
Microsoft Visual Studio Solution File, Format Version 12.00
# Visual Studio 2017
Project("{FAE04EC0-301F-11D3-BF4B-00C04F79EFBC}") = "Web-Pro", "Web-Pro.csproj", "{1AE7624B-9177-5A85-9774-DE6BA03EBEEE}"
EndProject
Global
	GlobalSection(SolutionConfigurationPlatforms) = preSolution
		Debug|Any CPU = Debug|Any CPU
		Release|Any CPU = Release|Any CPU
	EndGlobalSection
	GlobalSection(ProjectConfigurationPlatforms) = postSolution
		{1AE7624B-9177-5A85-9774-DE6BA03EBEEE}.Debug|Any CPU.ActiveCfg = Debug|Any CPU
		{1AE7624B-9177-5A85-9774-DE6BA03EBEEE}.Debug|Any CPU.Build.0 = Debug|Any CPU
		{1AE7624B-9177-5A85-9774-DE6BA03EBEEE}.Release|Any CPU.ActiveCfg = Release|Any CPU
		{1AE7624B-9177-5A85-9774-DE6BA03EBEEE}.Release|Any CPU.Build.0 = Release|Any CPU
	EndGlobalSection
	GlobalSection(SolutionProperties) = preSolution
		HideSolutionNode = FALSE
	EndGlobalSection
EndGlobal
